// !$*UTF8*$!
{
	archiveVersion = 1;
	classes = {
	};
	objectVersion = 46;
	objects = {

/* Begin PBXBuildFile section */
		955CAEFF1D25CDEF00236D54 /* AppDelegate.swift in Sources */ = {isa = PBXBuildFile; fileRef = 955CAEFE1D25CDEF00236D54 /* AppDelegate.swift */; };
		955CAF011D25CDEF00236D54 /* ViewController.swift in Sources */ = {isa = PBXBuildFile; fileRef = 955CAF001D25CDEF00236D54 /* ViewController.swift */; };
		955CAF041D25CDEF00236D54 /* Main.storyboard in Resources */ = {isa = PBXBuildFile; fileRef = 955CAF021D25CDEF00236D54 /* Main.storyboard */; };
		955CAF061D25CDEF00236D54 /* Assets.xcassets in Resources */ = {isa = PBXBuildFile; fileRef = 955CAF051D25CDEF00236D54 /* Assets.xcassets */; };
		955CAF091D25CDEF00236D54 /* LaunchScreen.storyboard in Resources */ = {isa = PBXBuildFile; fileRef = 955CAF071D25CDEF00236D54 /* LaunchScreen.storyboard */; };
/* End PBXBuildFile section */

/* Begin PBXFileReference section */
		955CAEFB1D25CDEF00236D54 /* Fingers Guessing Game.app */ = {isa = PBXFileReference; explicitFileType = wrapper.application; includeInIndex = 0; path = "Fingers Guessing Game.app"; sourceTree = BUILT_PRODUCTS_DIR; };
		955CAEFE1D25CDEF00236D54 /* AppDelegate.swift */ = {isa = PBXFileReference; lastKnownFileType = sourcecode.swift; path = AppDelegate.swift; sourceTree = "<group>"; };
		955CAF001D25CDEF00236D54 /* ViewController.swift */ = {isa = PBXFileReference; lastKnownFileType = sourcecode.swift; path = ViewController.swift; sourceTree = "<group>"; };
		955CAF031D25CDEF00236D54 /* Base */ = {isa = PBXFileReference; lastKnownFileType = file.storyboard; name = Base; path = Base.lproj/Main.storyboard; sourceTree = "<group>"; };
		955CAF051D25CDEF00236D54 /* Assets.xcassets */ = {isa = PBXFileReference; lastKnownFileType = folder.assetcatalog; path = Assets.xcassets; sourceTree = "<group>"; };
		955CAF081D25CDEF00236D54 /* Base */ = {isa = PBXFileReference; lastKnownFileType = file.storyboard; name = Base; path = Base.lproj/LaunchScreen.storyboard; sourceTree = "<group>"; };
		955CAF0A1D25CDEF00236D54 /* Info.plist */ = {isa = PBXFileReference; lastKnownFileType = text.plist.xml; path = Info.plist; sourceTree = "<group>"; };
/* End PBXFileReference section */

/* Begin PBXFrameworksBuildPhase section */
		955CAEF81D25CDEF00236D54 /* Frameworks */ = {
			isa = PBXFrameworksBuildPhase;
			buildActionMask = 2147483647;
			files = (
			);
			runOnlyForDeploymentPostprocessing = 0;
		};
/* End PBXFrameworksBuildPhase section */

/* Begin PBXGroup section */
		955CAEF21D25CDEF00236D54 = {
			isa = PBXGroup;
			children = (
				955CAEFD1D25CDEF00236D54 /* Fingers Guessing Game */,
				955CAEFC1D25CDEF00236D54 /* Products */,
			);
			sourceTree = "<group>";
		};
		955CAEFC1D25CDEF00236D54 /* Products */ = {
			isa = PBXGroup;
			children = (
				955CAEFB1D25CDEF00236D54 /* Fingers Guessing Game.app */,
			);
			name = Products;
			sourceTree = "<group>";
		};
		955CAEFD1D25CDEF00236D54 /* Fingers Guessing Game */ = {
			isa = PBXGroup;
			children = (
				955CAEFE1D25CDEF00236D54 /* AppDelegate.swift */,
				955CAF001D25CDEF00236D54 /* ViewController.swift */,
				955CAF021D25CDEF00236D54 /* Main.storyboard */,
				955CAF051D25CDEF00236D54 /* Assets.xcassets */,
				955CAF071D25CDEF00236D54 /* LaunchScreen.storyboard */,
				955CAF0A1D25CDEF00236D54 /* Info.plist */,
			);
			path = "Fingers Guessing Game";
			sourceTree = "<group>";
		};
/* End PBXGroup section */

/* Begin PBXNativeTarget section */
		955CAEFA1D25CDEF00236D54 /* Fingers Guessing Game */ = {
			isa = PBXNativeTarget;
			buildConfigurationList = 955CAF0D1D25CDEF00236D54 /* Build configuration list for PBXNativeTarget "Fingers Guessing Game" */;
			buildPhases = (
				955CAEF71D25CDEF00236D54 /* Sources */,
				955CAEF81D25CDEF00236D54 /* Frameworks */,
				955CAEF91D25CDEF00236D54 /* Resources */,
			);
			buildRules = (
			);
			dependencies = (
			);
			name = "Fingers Guessing Game";
			productName = "Fingers Guessing Game";
			productReference = 955CAEFB1D25CDEF00236D54 /* Fingers Guessing Game.app */;
			productType = "com.apple.product-type.application";
		};
/* End PBXNativeTarget section */

/* Begin PBXProject section */
		955CAEF31D25CDEF00236D54 /* Project object */ = {
			isa = PBXProject;
			attributes = {
				LastSwiftUpdateCheck = 0730;
				LastUpgradeCheck = 0730;
				ORGANIZATIONNAME = "Jeffrey Eng";
				TargetAttributes = {
					955CAEFA1D25CDEF00236D54 = {
						CreatedOnToolsVersion = 7.3.1;
					};
				};
			};
			buildConfigurationList = 955CAEF61D25CDEF00236D54 /* Build configuration list for PBXProject "Fingers Guessing Game" */;
			compatibilityVersion = "Xcode 3.2";
			developmentRegion = English;
			hasScannedForEncodings = 0;
			knownRegions = (
				en,
				Base,
			);
			mainGroup = 955CAEF21D25CDEF00236D54;
			productRefGroup = 955CAEFC1D25CDEF00236D54 /* Products */;
			projectDirPath = "";
			projectRoot = "";
			targets = (
				955CAEFA1D25CDEF00236D54 /* Fingers Guessing Game */,
			);
		};
/* End PBXProject section */

/* Begin PBXResourcesBuildPhase section */
		955CAEF91D25CDEF00236D54 /* Resources */ = {
			isa = PBXResourcesBuildPhase;
			buildActionMask = 2147483647;
			files = (
				955CAF091D25CDEF00236D54 /* LaunchScreen.storyboard in Resources */,
				955CAF061D25CDEF00236D54 /* Assets.xcassets in Resources */,
				955CAF041D25CDEF00236D54 /* Main.storyboard in Resources */,
			);
			runOnlyForDeploymentPostprocessing = 0;
		};
/* End PBXResourcesBuildPhase section */

/* Begin PBXSourcesBuildPhase section */
		955CAEF71D25CDEF00236D54 /* Sources */ = {
			isa = PBXSourcesBuildPhase;
			buildActionMask = 2147483647;
			files = (
				955CAF011D25CDEF00236D54 /* ViewController.swift in Sources */,
				955CAEFF1D25CDEF00236D54 /* AppDelegate.swift in Sources */,
			);
			runOnlyForDeploymentPostprocessing = 0;
		};
/* End PBXSourcesBuildPhase section */

/* Begin PBXVariantGroup section */
		955CAF021D25CDEF00236D54 /* Main.storyboard */ = {
			isa = PBXVariantGroup;
			children = (
				955CAF031D25CDEF00236D54 /* Base */,
			);
			name = Main.storyboard;
			sourceTree = "<group>";
		};
		955CAF071D25CDEF00236D54 /* LaunchScreen.storyboard */ = {
			isa = PBXVariantGroup;
			children = (
				955CAF081D25CDEF00236D54 /* Base */,
			);
			name = LaunchScreen.storyboard;
			sourceTree = "<group>";
		};
/* End PBXVariantGroup section */

/* Begin XCBuildConfiguration section */
		955CAF0B1D25CDEF00236D54 /* Debug */ = {
			isa = XCBuildConfiguration;
			buildSettings = {
				ALWAYS_SEARCH_USER_PATHS = NO;
				CLANG_ANALYZER_NONNULL = YES;
				CLANG_CXX_LANGUAGE_STANDARD = "gnu++0x";
				CLANG_CXX_LIBRARY = "libc++";
				CLANG_ENABLE_MODULES = YES;
				CLANG_ENABLE_OBJC_ARC = YES;
				CLANG_WARN_BOOL_CONVERSION = YES;
				CLANG_WARN_CONSTANT_CONVERSION = YES;
				CLANG_WARN_DIRECT_OBJC_ISA_USAGE = YES_ERROR;
				CLANG_WARN_EMPTY_BODY = YES;
				CLANG_WARN_ENUM_CONVERSION = YES;
				CLANG_WARN_INT_CONVERSION = YES;
				CLANG_WARN_OBJC_ROOT_CLASS = YES_ERROR;
				CLANG_WARN_UNREACHABLE_CODE = YES;
				CLANG_WARN__DUPLICATE_METHOD_MATCH = YES;
				"CODE_SIGN_IDENTITY[sdk=iphoneos*]" = "iPhone Developer";
				COPY_PHASE_STRIP = NO;
				DEBUG_INFORMATION_FORMAT = dwarf;
				ENABLE_STRICT_OBJC_MSGSEND = YES;
				ENABLE_TESTABILITY = YES;
				GCC_C_LANGUAGE_STANDARD = gnu99;
				GCC_DYNAMIC_NO_PIC = NO;
				GCC_NO_COMMON_BLOCKS = YES;
				GCC_OPTIMIZATION_LEVEL = 0;
				GCC_PREPROCESSOR_DEFINITIONS = (
					"DEBUG=1",
					"$(inherited)",
				);
				GCC_WARN_64_TO_32_BIT_CONVERSION = YES;
				GCC_WARN_ABOUT_RETURN_TYPE = YES_ERROR;
				GCC_WARN_UNDECLARED_SELECTOR = YES;
				GCC_WARN_UNINITIALIZED_AUTOS = YES_AGGRESSIVE;
				GCC_WARN_UNUSED_FUNCTION = YES;
				GCC_WARN_UNUSED_VARIABLE = YES;
				IPHONEOS_DEPLOYMENT_TARGET = 9.3;
				MTL_ENABLE_DEBUG_INFO = YES;
				ONLY_ACTIVE_ARCH = YES;
				SDKROOT = iphoneos;
				SWIFT_OPTIMIZATION_LEVEL = "-Onone";
			};
			name = Debug;
		};
		955CAF0C1D25CDEF00236D54 /* Release */ = {
			isa = XCBuildConfiguration;
			buildSettings = {
				ALWAYS_SEARCH_USER_PATHS = NO;
				CLANG_ANALYZER_NONNULL = YES;
				CLANG_CXX_LANGUAGE_STANDARD = "gnu++0x";
				CLANG_CXX_LIBRARY = "libc++";
				CLANG_ENABLE_MODULES = YES;
				CLANG_ENABLE_OBJC_ARC = YES;
				CLANG_WARN_BOOL_CONVERSION = YES;
				CLANG_WARN_CONSTANT_CONVERSION = YES;
				CLANG_WARN_DIRECT_OBJC_ISA_USAGE = YES_ERROR;
				CLANG_WARN_EMPTY_BODY = YES;
				CLANG_WARN_ENUM_CONVERSION = YES;
				CLANG_WARN_INT_CONVERSION = YES;
				CLANG_WARN_OBJC_ROOT_CLASS = YES_ERROR;
				CLANG_WARN_UNREACHABLE_CODE = YES;
				CLANG_WARN__DUPLICATE_METHOD_MATCH = YES;
				"CODE_SIGN_IDENTITY[sdk=iphoneos*]" = "iPhone Developer";
				COPY_PHASE_STRIP = NO;
				DEBUG_INFORMATION_FORMAT = "dwarf-with-dsym";
				ENABLE_NS_ASSERTIONS = NO;
				ENABLE_STRICT_OBJC_MSGSEND = YES;
				GCC_C_LANGUAGE_STANDARD = gnu99;
				GCC_NO_COMMON_BLOCKS = YES;
				GCC_WARN_64_TO_32_BIT_CONVERSION = YES;
				GCC_WARN_ABOUT_RETURN_TYPE = YES_ERROR;
				GCC_WARN_UNDECLARED_SELECTOR = YES;
				GCC_WARN_UNINITIALIZED_AUTOS = YES_AGGRESSIVE;
				GCC_WARN_UNUSED_FUNCTION = YES;
				GCC_WARN_UNUSED_VARIABLE = YES;
				IPHONEOS_DEPLOYMENT_TARGET = 9.3;
				MTL_ENABLE_DEBUG_INFO = NO;
				SDKROOT = iphoneos;
				VALIDATE_PRODUCT = YES;
			};
			name = Release;
		};
		955CAF0E1D25CDEF00236D54 /* Debug */ = {
			isa = XCBuildConfiguration;
			buildSettings = {
				ASSETCATALOG_COMPILER_APPICON_NAME = AppIcon;
				INFOPLIST_FILE = "Fingers Guessing Game/Info.plist";
				LD_RUNPATH_SEARCH_PATHS = "$(inherited) @executable_path/Frameworks";
				PRODUCT_BUNDLE_IDENTIFIER = "com.jeffeng.Fingers-Guessing-Game";
				PRODUCT_NAME = "$(TARGET_NAME)";
			};
			name = Debug;
		};
		955CAF0F1D25CDEF00236D54 /* Release */ = {
			isa = XCBuildConfiguration;
			buildSettings = {
				ASSETCATALOG_COMPILER_APPICON_NAME = AppIcon;
				INFOPLIST_FILE = "Fingers Guessing Game/Info.plist";
				LD_RUNPATH_SEARCH_PATHS = "$(inherited) @executable_path/Frameworks";
				PRODUCT_BUNDLE_IDENTIFIER = "com.jeffeng.Fingers-Guessing-Game";
				PRODUCT_NAME = "$(TARGET_NAME)";
			};
			name = Release;
		};
/* End XCBuildConfiguration section */

/* Begin XCConfigurationList section */
		955CAEF61D25CDEF00236D54 /* Build configuration list for PBXProject "Fingers Guessing Game" */ = {
			isa = XCConfigurationList;
			buildConfigurations = (
				955CAF0B1D25CDEF00236D54 /* Debug */,
				955CAF0C1D25CDEF00236D54 /* Release */,
			);
			defaultConfigurationIsVisible = 0;
			defaultConfigurationName = Release;
		};
		955CAF0D1D25CDEF00236D54 /* Build configuration list for PBXNativeTarget "Fingers Guessing Game" */ = {
			isa = XCConfigurationList;
			buildConfigurations = (
				955CAF0E1D25CDEF00236D54 /* Debug */,
				955CAF0F1D25CDEF00236D54 /* Release */,
			);
			defaultConfigurationIsVisible = 0;
		};
/* End XCConfigurationList section */
	};
	rootObject = 955CAEF31D25CDEF00236D54 /* Project object */;
}
